// !$*UTF8*$!
{
	archiveVersion = 1;
	classes = {
	};
	objectVersion = 46;
	objects = {

/* Begin PBXBuildFile section */
		79998E891B872B0A00B1080E /* AppDelegate.swift in Sources */ = {isa = PBXBuildFile; fileRef = 79998E881B872B0A00B1080E /* AppDelegate.swift */; };
		79998E8B1B872B0A00B1080E /* SuperBus.xcdatamodeld in Sources */ = {isa = PBXBuildFile; fileRef = 79998E8A1B872B0A00B1080E /* SuperBus.xcdatamodeld */; };
		79998E8D1B872B0A00B1080E /* ViewController.swift in Sources */ = {isa = PBXBuildFile; fileRef = 79998E8C1B872B0A00B1080E /* ViewController.swift */; };
		79998E901B872B0A00B1080E /* Main.storyboard in Resources */ = {isa = PBXBuildFile; fileRef = 79998E8E1B872B0A00B1080E /* Main.storyboard */; };
		79998E921B872B0A00B1080E /* Images.xcassets in Resources */ = {isa = PBXBuildFile; fileRef = 79998E911B872B0A00B1080E /* Images.xcassets */; };
		79998E951B872B0A00B1080E /* LaunchScreen.xib in Resources */ = {isa = PBXBuildFile; fileRef = 79998E931B872B0A00B1080E /* LaunchScreen.xib */; };
		79998EA11B872B0B00B1080E /* SuperBusTests.swift in Sources */ = {isa = PBXBuildFile; fileRef = 79998EA01B872B0B00B1080E /* SuperBusTests.swift */; };
/* End PBXBuildFile section */

/* Begin PBXContainerItemProxy section */
		79998E9B1B872B0B00B1080E /* PBXContainerItemProxy */ = {
			isa = PBXContainerItemProxy;
			containerPortal = 79EB36621B86FE9000A5C091 /* Project object */;
			proxyType = 1;
			remoteGlobalIDString = 79998E831B872B0A00B1080E;
			remoteInfo = SuperBus;
		};
/* End PBXContainerItemProxy section */

/* Begin PBXFileReference section */
		79998E841B872B0A00B1080E /* SuperBus.app */ = {isa = PBXFileReference; explicitFileType = wrapper.application; includeInIndex = 0; path = SuperBus.app; sourceTree = BUILT_PRODUCTS_DIR; };
		79998E871B872B0A00B1080E /* Info.plist */ = {isa = PBXFileReference; lastKnownFileType = text.plist.xml; path = Info.plist; sourceTree = "<group>"; };
		79998E881B872B0A00B1080E /* AppDelegate.swift */ = {isa = PBXFileReference; lastKnownFileType = sourcecode.swift; path = AppDelegate.swift; sourceTree = "<group>"; };
		79998E8C1B872B0A00B1080E /* ViewController.swift */ = {isa = PBXFileReference; lastKnownFileType = sourcecode.swift; path = ViewController.swift; sourceTree = "<group>"; };
		79998E8F1B872B0A00B1080E /* Base */ = {isa = PBXFileReference; lastKnownFileType = file.storyboard; name = Base; path = Base.lproj/Main.storyboard; sourceTree = "<group>"; };
		79998E911B872B0A00B1080E /* Images.xcassets */ = {isa = PBXFileReference; lastKnownFileType = folder.assetcatalog; path = Images.xcassets; sourceTree = "<group>"; };
		79998E941B872B0A00B1080E /* Base */ = {isa = PBXFileReference; lastKnownFileType = file.xib; name = Base; path = Base.lproj/LaunchScreen.xib; sourceTree = "<group>"; };
		79998E9A1B872B0B00B1080E /* SuperBusTests.xctest */ = {isa = PBXFileReference; explicitFileType = wrapper.cfbundle; includeInIndex = 0; path = SuperBusTests.xctest; sourceTree = BUILT_PRODUCTS_DIR; };
		79998E9F1B872B0B00B1080E /* Info.plist */ = {isa = PBXFileReference; lastKnownFileType = text.plist.xml; path = Info.plist; sourceTree = "<group>"; };
		79998EA01B872B0B00B1080E /* SuperBusTests.swift */ = {isa = PBXFileReference; lastKnownFileType = sourcecode.swift; path = SuperBusTests.swift; sourceTree = "<group>"; };
/* End PBXFileReference section */

/* Begin PBXFrameworksBuildPhase section */
		79998E811B872B0A00B1080E /* Frameworks */ = {
			isa = PBXFrameworksBuildPhase;
			buildActionMask = 2147483647;
			files = (
			);
			runOnlyForDeploymentPostprocessing = 0;
		};
		79998E971B872B0B00B1080E /* Frameworks */ = {
			isa = PBXFrameworksBuildPhase;
			buildActionMask = 2147483647;
			files = (
			);
			runOnlyForDeploymentPostprocessing = 0;
		};
/* End PBXFrameworksBuildPhase section */

/* Begin PBXGroup section */
		79998E851B872B0A00B1080E /* SuperBus */ = {
			isa = PBXGroup;
			children = (
				79998E881B872B0A00B1080E /* AppDelegate.swift */,
				79998E8C1B872B0A00B1080E /* ViewController.swift */,
				79998E8E1B872B0A00B1080E /* Main.storyboard */,
				79998E911B872B0A00B1080E /* Images.xcassets */,
				79998E931B872B0A00B1080E /* LaunchScreen.xib */,
				79998E8A1B872B0A00B1080E /* SuperBus.xcdatamodeld */,
				79998E861B872B0A00B1080E /* Supporting Files */,
			);
			path = SuperBus;
			sourceTree = "<group>";
		};
		79998E861B872B0A00B1080E /* Supporting Files */ = {
			isa = PBXGroup;
			children = (
				79998E871B872B0A00B1080E /* Info.plist */,
			);
			name = "Supporting Files";
			sourceTree = "<group>";
		};
		79998E9D1B872B0B00B1080E /* SuperBusTests */ = {
			isa = PBXGroup;
			children = (
				79998EA01B872B0B00B1080E /* SuperBusTests.swift */,
				79998E9E1B872B0B00B1080E /* Supporting Files */,
			);
			path = SuperBusTests;
			sourceTree = "<group>";
		};
		79998E9E1B872B0B00B1080E /* Supporting Files */ = {
			isa = PBXGroup;
			children = (
				79998E9F1B872B0B00B1080E /* Info.plist */,
			);
			name = "Supporting Files";
			sourceTree = "<group>";
		};
		79998EA91B872B2200B1080E /* Production */ = {
			isa = PBXGroup;
			children = (
				79998E841B872B0A00B1080E /* SuperBus.app */,
				79998E9A1B872B0B00B1080E /* SuperBusTests.xctest */,
			);
			name = Production;
			sourceTree = "<group>";
		};
		79EB36611B86FE9000A5C091 = {
			isa = PBXGroup;
			children = (
				79998E851B872B0A00B1080E /* SuperBus */,
				79998EA91B872B2200B1080E /* Production */,
				79998E9D1B872B0B00B1080E /* SuperBusTests */,
			);
			sourceTree = "<group>";
		};
/* End PBXGroup section */

/* Begin PBXNativeTarget section */
		79998E831B872B0A00B1080E /* SuperBus */ = {
			isa = PBXNativeTarget;
			buildConfigurationList = 79998EA21B872B0B00B1080E /* Build configuration list for PBXNativeTarget "SuperBus" */;
			buildPhases = (
				79998E801B872B0A00B1080E /* Sources */,
				79998E811B872B0A00B1080E /* Frameworks */,
				79998E821B872B0A00B1080E /* Resources */,
			);
			buildRules = (
			);
			dependencies = (
			);
			name = SuperBus;
			productName = SuperBus;
			productReference = 79998E841B872B0A00B1080E /* SuperBus.app */;
			productType = "com.apple.product-type.application";
		};
		79998E991B872B0B00B1080E /* SuperBusTests */ = {
			isa = PBXNativeTarget;
			buildConfigurationList = 79998EA51B872B0B00B1080E /* Build configuration list for PBXNativeTarget "SuperBusTests" */;
			buildPhases = (
				79998E961B872B0B00B1080E /* Sources */,
				79998E971B872B0B00B1080E /* Frameworks */,
				79998E981B872B0B00B1080E /* Resources */,
			);
			buildRules = (
			);
			dependencies = (
				79998E9C1B872B0B00B1080E /* PBXTargetDependency */,
			);
			name = SuperBusTests;
			productName = SuperBusTests;
			productReference = 79998E9A1B872B0B00B1080E /* SuperBusTests.xctest */;
			productType = "com.apple.product-type.bundle.unit-test";
		};
/* End PBXNativeTarget section */

/* Begin PBXProject section */
		79EB36621B86FE9000A5C091 /* Project object */ = {
			isa = PBXProject;
			attributes = {
				LastSwiftUpdateCheck = 0700;
				LastUpgradeCheck = 0640;
				ORGANIZATIONNAME = "Grady Zhuo";
				TargetAttributes = {
					79998E831B872B0A00B1080E = {
						CreatedOnToolsVersion = 6.4;
					};
					79998E991B872B0B00B1080E = {
						CreatedOnToolsVersion = 6.4;
						TestTargetID = 79998E831B872B0A00B1080E;
					};
				};
			};
			buildConfigurationList = 79EB36651B86FE9000A5C091 /* Build configuration list for PBXProject "SuperBus" */;
			compatibilityVersion = "Xcode 3.2";
			developmentRegion = English;
			hasScannedForEncodings = 0;
			knownRegions = (
				en,
				Base,
			);
			mainGroup = 79EB36611B86FE9000A5C091;
			productRefGroup = 79EB36611B86FE9000A5C091;
			projectDirPath = "";
			projectRoot = "";
			targets = (
				79998E831B872B0A00B1080E /* SuperBus */,
				79998E991B872B0B00B1080E /* SuperBusTests */,
			);
		};
/* End PBXProject section */

/* Begin PBXResourcesBuildPhase section */
		79998E821B872B0A00B1080E /* Resources */ = {
			isa = PBXResourcesBuildPhase;
			buildActionMask = 2147483647;
			files = (
				79998E901B872B0A00B1080E /* Main.storyboard in Resources */,
				79998E951B872B0A00B1080E /* LaunchScreen.xib in Resources */,
				79998E921B872B0A00B1080E /* Images.xcassets in Resources */,
			);
			runOnlyForDeploymentPostprocessing = 0;
		};
		79998E981B872B0B00B1080E /* Resources */ = {
			isa = PBXResourcesBuildPhase;
			buildActionMask = 2147483647;
			files = (
			);
			runOnlyForDeploymentPostprocessing = 0;
		};
/* End PBXResourcesBuildPhase section */

/* Begin PBXSourcesBuildPhase section */
		79998E801B872B0A00B1080E /* Sources */ = {
			isa = PBXSourcesBuildPhase;
			buildActionMask = 2147483647;
			files = (
				79998E8D1B872B0A00B1080E /* ViewController.swift in Sources */,
				79998E8B1B872B0A00B1080E /* SuperBus.xcdatamodeld in Sources */,
				79998E891B872B0A00B1080E /* AppDelegate.swift in Sources */,
			);
			runOnlyForDeploymentPostprocessing = 0;
		};
		79998E961B872B0B00B1080E /* Sources */ = {
			isa = PBXSourcesBuildPhase;
			buildActionMask = 2147483647;
			files = (
				79998EA11B872B0B00B1080E /* SuperBusTests.swift in Sources */,
			);
			runOnlyForDeploymentPostprocessing = 0;
		};
/* End PBXSourcesBuildPhase section */

/* Begin PBXTargetDependency section */
		79998E9C1B872B0B00B1080E /* PBXTargetDependency */ = {
			isa = PBXTargetDependency;
			target = 79998E831B872B0A00B1080E /* SuperBus */;
			targetProxy = 79998E9B1B872B0B00B1080E /* PBXContainerItemProxy */;
		};
/* End PBXTargetDependency section */

/* Begin PBXVariantGroup section */
		79998E8E1B872B0A00B1080E /* Main.storyboard */ = {
			isa = PBXVariantGroup;
			children = (
				79998E8F1B872B0A00B1080E /* Base */,
			);
			name = Main.storyboard;
			sourceTree = "<group>";
		};
		79998E931B872B0A00B1080E /* LaunchScreen.xib */ = {
			isa = PBXVariantGroup;
			children = (
				79998E941B872B0A00B1080E /* Base */,
			);
			name = LaunchScreen.xib;
			sourceTree = "<group>";
		};
/* End PBXVariantGroup section */

/* Begin XCBuildConfiguration section */
		79998EA31B872B0B00B1080E /* Debug */ = {
			isa = XCBuildConfiguration;
			buildSettings = {
				ASSETCATALOG_COMPILER_APPICON_NAME = AppIcon;
				GCC_PREPROCESSOR_DEFINITIONS = (
					"DEBUG=1",
					"$(inherited)",
				);
				INFOPLIST_FILE = SuperBus/Info.plist;
				LD_RUNPATH_SEARCH_PATHS = "$(inherited) @executable_path/Frameworks";
				PRODUCT_NAME = "$(TARGET_NAME)";
				SWIFT_OPTIMIZATION_LEVEL = "-Onone";
			};
			name = Debug;
		};
		79998EA41B872B0B00B1080E /* Release */ = {
			isa = XCBuildConfiguration;
			buildSettings = {
				ASSETCATALOG_COMPILER_APPICON_NAME = AppIcon;
				INFOPLIST_FILE = SuperBus/Info.plist;
				LD_RUNPATH_SEARCH_PATHS = "$(inherited) @executable_path/Frameworks";
				PRODUCT_NAME = "$(TARGET_NAME)";
			};
			name = Release;
		};
		79998EA61B872B0B00B1080E /* Debug */ = {
			isa = XCBuildConfiguration;
			buildSettings = {
				BUNDLE_LOADER = "$(TEST_HOST)";
				FRAMEWORK_SEARCH_PATHS = (
					"$(SDKROOT)/Developer/Library/Frameworks",
					"$(inherited)",
				);
				GCC_PREPROCESSOR_DEFINITIONS = (
					"DEBUG=1",
					"$(inherited)",
				);
				INFOPLIST_FILE = SuperBusTests/Info.plist;
				LD_RUNPATH_SEARCH_PATHS = "$(inherited) @executable_path/Frameworks @loader_path/Frameworks";
				PRODUCT_NAME = "$(TARGET_NAME)";
				TEST_HOST = "$(BUILT_PRODUCTS_DIR)/SuperBus.app/SuperBus";
			};
			name = Debug;
		};
		79998EA71B872B0B00B1080E /* Release */ = {
			isa = XCBuildConfiguration;
			buildSettings = {
				BUNDLE_LOADER = "$(TEST_HOST)";
				FRAMEWORK_SEARCH_PATHS = (
					"$(SDKROOT)/Developer/Library/Frameworks",
					"$(inherited)",
				);
				INFOPLIST_FILE = SuperBusTests/Info.plist;
				LD_RUNPATH_SEARCH_PATHS = "$(inherited) @executable_path/Frameworks @loader_path/Frameworks";
				PRODUCT_NAME = "$(TARGET_NAME)";
				TEST_HOST = "$(BUILT_PRODUCTS_DIR)/SuperBus.app/SuperBus";
			};
			name = Release;
		};
		79EB368B1B86FE9000A5C091 /* Debug */ = {
			isa = XCBuildConfiguration;
			buildSettings = {
				ALWAYS_SEARCH_USER_PATHS = NO;
				CLANG_CXX_LANGUAGE_STANDARD = "gnu++0x";
				CLANG_CXX_LIBRARY = "libc++";
				CLANG_ENABLE_MODULES = YES;
				CLANG_ENABLE_OBJC_ARC = YES;
				CLANG_WARN_BOOL_CONVERSION = YES;
				CLANG_WARN_CONSTANT_CONVERSION = YES;
				CLANG_WARN_DIRECT_OBJC_ISA_USAGE = YES_ERROR;
				CLANG_WARN_EMPTY_BODY = YES;
				CLANG_WARN_ENUM_CONVERSION = YES;
				CLANG_WARN_INT_CONVERSION = YES;
				CLANG_WARN_OBJC_ROOT_CLASS = YES_ERROR;
				CLANG_WARN_UNREACHABLE_CODE = YES;
				CLANG_WARN__DUPLICATE_METHOD_MATCH = YES;
				"CODE_SIGN_IDENTITY[sdk=iphoneos*]" = "iPhone Developer";
				COPY_PHASE_STRIP = NO;
				DEBUG_INFORMATION_FORMAT = "dwarf-with-dsym";
				ENABLE_STRICT_OBJC_MSGSEND = YES;
				GCC_C_LANGUAGE_STANDARD = gnu99;
				GCC_DYNAMIC_NO_PIC = NO;
				GCC_NO_COMMON_BLOCKS = YES;
				GCC_OPTIMIZATION_LEVEL = 0;
				GCC_PREPROCESSOR_DEFINITIONS = (
					"DEBUG=1",
					"$(inherited)",
				);
				GCC_SYMBOLS_PRIVATE_EXTERN = NO;
				GCC_WARN_64_TO_32_BIT_CONVERSION = YES;
				GCC_WARN_ABOUT_RETURN_TYPE = YES_ERROR;
				GCC_WARN_UNDECLARED_SELECTOR = YES;
				GCC_WARN_UNINITIALIZED_AUTOS = YES_AGGRESSIVE;
				GCC_WARN_UNUSED_FUNCTION = YES;
				GCC_WARN_UNUSED_VARIABLE = YES;
				IPHONEOS_DEPLOYMENT_TARGET = 8.4;
				MTL_ENABLE_DEBUG_INFO = YES;
				ONLY_ACTIVE_ARCH = YES;
				SDKROOT = iphoneos;
				TARGETED_DEVICE_FAMILY = "1,2";
			};
			name = Debug;
		};
		79EB368C1B86FE9000A5C091 /* Release */ = {
			isa = XCBuildConfiguration;
			buildSettings = {
				ALWAYS_SEARCH_USER_PATHS = NO;
				CLANG_CXX_LANGUAGE_STANDARD = "gnu++0x";
				CLANG_CXX_LIBRARY = "libc++";
				CLANG_ENABLE_MODULES = YES;
				CLANG_ENABLE_OBJC_ARC = YES;
				CLANG_WARN_BOOL_CONVERSION = YES;
				CLANG_WARN_CONSTANT_CONVERSION = YES;
				CLANG_WARN_DIRECT_OBJC_ISA_USAGE = YES_ERROR;
				CLANG_WARN_EMPTY_BODY = YES;
				CLANG_WARN_ENUM_CONVERSION = YES;
				CLANG_WARN_INT_CONVERSION = YES;
				CLANG_WARN_OBJC_ROOT_CLASS = YES_ERROR;
				CLANG_WARN_UNREACHABLE_CODE = YES;
				CLANG_WARN__DUPLICATE_METHOD_MATCH = YES;
				"CODE_SIGN_IDENTITY[sdk=iphoneos*]" = "iPhone Developer";
				COPY_PHASE_STRIP = NO;
				DEBUG_INFORMATION_FORMAT = "dwarf-with-dsym";
				ENABLE_NS_ASSERTIONS = NO;
				ENABLE_STRICT_OBJC_MSGSEND = YES;
				GCC_C_LANGUAGE_STANDARD = gnu99;
				GCC_NO_COMMON_BLOCKS = YES;
				GCC_WARN_64_TO_32_BIT_CONVERSION = YES;
				GCC_WARN_ABOUT_RETURN_TYPE = YES_ERROR;
				GCC_WARN_UNDECLARED_SELECTOR = YES;
				GCC_WARN_UNINITIALIZED_AUTOS = YES_AGGRESSIVE;
				GCC_WARN_UNUSED_FUNCTION = YES;
				GCC_WARN_UNUSED_VARIABLE = YES;
				IPHONEOS_DEPLOYMENT_TARGET = 8.4;
				MTL_ENABLE_DEBUG_INFO = NO;
				SDKROOT = iphoneos;
				TARGETED_DEVICE_FAMILY = "1,2";
				VALIDATE_PRODUCT = YES;
			};
			name = Release;
		};
/* End XCBuildConfiguration section */

/* Begin XCConfigurationList section */
		79998EA21B872B0B00B1080E /* Build configuration list for PBXNativeTarget "SuperBus" */ = {
			isa = XCConfigurationList;
			buildConfigurations = (
				79998EA31B872B0B00B1080E /* Debug */,
				79998EA41B872B0B00B1080E /* Release */,
			);
			defaultConfigurationIsVisible = 0;
			defaultConfigurationName = Release;
		};
		79998EA51B872B0B00B1080E /* Build configuration list for PBXNativeTarget "SuperBusTests" */ = {
			isa = XCConfigurationList;
			buildConfigurations = (
				79998EA61B872B0B00B1080E /* Debug */,
				79998EA71B872B0B00B1080E /* Release */,
			);
			defaultConfigurationIsVisible = 0;
			defaultConfigurationName = Release;
		};
		79EB36651B86FE9000A5C091 /* Build configuration list for PBXProject "SuperBus" */ = {
			isa = XCConfigurationList;
			buildConfigurations = (
				79EB368B1B86FE9000A5C091 /* Debug */,
				79EB368C1B86FE9000A5C091 /* Release */,
			);
			defaultConfigurationIsVisible = 0;
			defaultConfigurationName = Release;
		};
/* End XCConfigurationList section */

/* Begin XCVersionGroup section */
		79998E8A1B872B0A00B1080E /* SuperBus.xcdatamodeld */ = {
			isa = XCVersionGroup;
			children = (
			);
			path = SuperBus.xcdatamodeld;
			sourceTree = "<group>";
			versionGroupType = wrapper.xcdatamodel;
		};
/* End XCVersionGroup section */
	};
	rootObject = 79EB36621B86FE9000A5C091 /* Project object */;
}
