// !$*UTF8*$!
{
	archiveVersion = 1;
	classes = {
	};
	objectVersion = 46;
	objects = {

/* Begin PBXBuildFile section */
		79E47CC71B88AE110080E2B8 /* AppDelegate.swift in Sources */ = {isa = PBXBuildFile; fileRef = 79E47CC61B88AE110080E2B8 /* AppDelegate.swift */; };
		79E47CCC1B88AE110080E2B8 /* Main.storyboard in Resources */ = {isa = PBXBuildFile; fileRef = 79E47CCA1B88AE110080E2B8 /* Main.storyboard */; };
		79E47CCE1B88AE110080E2B8 /* Images.xcassets in Resources */ = {isa = PBXBuildFile; fileRef = 79E47CCD1B88AE110080E2B8 /* Images.xcassets */; };
		79E47CD11B88AE110080E2B8 /* LaunchScreen.xib in Resources */ = {isa = PBXBuildFile; fileRef = 79E47CCF1B88AE110080E2B8 /* LaunchScreen.xib */; };
		79E47CDD1B88AE110080E2B8 /* SuperBusDriverTests.swift in Sources */ = {isa = PBXBuildFile; fileRef = 79E47CDC1B88AE110080E2B8 /* SuperBusDriverTests.swift */; };
		79E47CEB1B88B0B60080E2B8 /* DriverShowStopsTableViewController.swift in Sources */ = {isa = PBXBuildFile; fileRef = 79E47CEA1B88B0B60080E2B8 /* DriverShowStopsTableViewController.swift */; };
		B975275BF8006DD6E4CEDD9C /* Pods_SuperBusDriver.framework in Frameworks */ = {isa = PBXBuildFile; fileRef = D47AB1D523460265B49C4B80 /* Pods_SuperBusDriver.framework */; settings = {ATTRIBUTES = (Weak, ); }; };
/* End PBXBuildFile section */

/* Begin PBXContainerItemProxy section */
		79E47CD71B88AE110080E2B8 /* PBXContainerItemProxy */ = {
			isa = PBXContainerItemProxy;
			containerPortal = 79E47CB91B88AE110080E2B8 /* Project object */;
			proxyType = 1;
			remoteGlobalIDString = 79E47CC01B88AE110080E2B8;
			remoteInfo = SuperBusDriver;
		};
/* End PBXContainerItemProxy section */

/* Begin PBXFileReference section */
		2D116B745EC51A9D37171C6C /* Pods-SuperBusDriver.release.xcconfig */ = {isa = PBXFileReference; includeInIndex = 1; lastKnownFileType = text.xcconfig; name = "Pods-SuperBusDriver.release.xcconfig"; path = "Pods/Target Support Files/Pods-SuperBusDriver/Pods-SuperBusDriver.release.xcconfig"; sourceTree = "<group>"; };
		79E47CC11B88AE110080E2B8 /* SuperBusDriver.app */ = {isa = PBXFileReference; explicitFileType = wrapper.application; includeInIndex = 0; path = SuperBusDriver.app; sourceTree = BUILT_PRODUCTS_DIR; };
		79E47CC51B88AE110080E2B8 /* Info.plist */ = {isa = PBXFileReference; lastKnownFileType = text.plist.xml; path = Info.plist; sourceTree = "<group>"; };
		79E47CC61B88AE110080E2B8 /* AppDelegate.swift */ = {isa = PBXFileReference; lastKnownFileType = sourcecode.swift; path = AppDelegate.swift; sourceTree = "<group>"; };
		79E47CCB1B88AE110080E2B8 /* Base */ = {isa = PBXFileReference; lastKnownFileType = file.storyboard; name = Base; path = Base.lproj/Main.storyboard; sourceTree = "<group>"; };
		79E47CCD1B88AE110080E2B8 /* Images.xcassets */ = {isa = PBXFileReference; lastKnownFileType = folder.assetcatalog; path = Images.xcassets; sourceTree = "<group>"; };
		79E47CD01B88AE110080E2B8 /* Base */ = {isa = PBXFileReference; lastKnownFileType = file.xib; name = Base; path = Base.lproj/LaunchScreen.xib; sourceTree = "<group>"; };
		79E47CD61B88AE110080E2B8 /* SuperBusDriverTests.xctest */ = {isa = PBXFileReference; explicitFileType = wrapper.cfbundle; includeInIndex = 0; path = SuperBusDriverTests.xctest; sourceTree = BUILT_PRODUCTS_DIR; };
		79E47CDB1B88AE110080E2B8 /* Info.plist */ = {isa = PBXFileReference; lastKnownFileType = text.plist.xml; path = Info.plist; sourceTree = "<group>"; };
		79E47CDC1B88AE110080E2B8 /* SuperBusDriverTests.swift */ = {isa = PBXFileReference; lastKnownFileType = sourcecode.swift; path = SuperBusDriverTests.swift; sourceTree = "<group>"; };
		79E47CEA1B88B0B60080E2B8 /* DriverShowStopsTableViewController.swift */ = {isa = PBXFileReference; fileEncoding = 4; lastKnownFileType = sourcecode.swift; path = DriverShowStopsTableViewController.swift; sourceTree = "<group>"; };
		9577D99CDF2C9795D3A59E20 /* Pods-SuperBusDriver.debug.xcconfig */ = {isa = PBXFileReference; includeInIndex = 1; lastKnownFileType = text.xcconfig; name = "Pods-SuperBusDriver.debug.xcconfig"; path = "Pods/Target Support Files/Pods-SuperBusDriver/Pods-SuperBusDriver.debug.xcconfig"; sourceTree = "<group>"; };
		D47AB1D523460265B49C4B80 /* Pods_SuperBusDriver.framework */ = {isa = PBXFileReference; explicitFileType = wrapper.framework; includeInIndex = 0; path = Pods_SuperBusDriver.framework; sourceTree = BUILT_PRODUCTS_DIR; };
/* End PBXFileReference section */

/* Begin PBXFrameworksBuildPhase section */
		79E47CBE1B88AE110080E2B8 /* Frameworks */ = {
			isa = PBXFrameworksBuildPhase;
			buildActionMask = 2147483647;
			files = (
				B975275BF8006DD6E4CEDD9C /* Pods_SuperBusDriver.framework in Frameworks */,
			);
			runOnlyForDeploymentPostprocessing = 0;
		};
		79E47CD31B88AE110080E2B8 /* Frameworks */ = {
			isa = PBXFrameworksBuildPhase;
			buildActionMask = 2147483647;
			files = (
			);
			runOnlyForDeploymentPostprocessing = 0;
		};
/* End PBXFrameworksBuildPhase section */

/* Begin PBXGroup section */
		109793A29DA9128F47FE5AE1 /* Pods */ = {
			isa = PBXGroup;
			children = (
				9577D99CDF2C9795D3A59E20 /* Pods-SuperBusDriver.debug.xcconfig */,
				2D116B745EC51A9D37171C6C /* Pods-SuperBusDriver.release.xcconfig */,
			);
			name = Pods;
			sourceTree = "<group>";
		};
		79E47CB81B88AE110080E2B8 = {
			isa = PBXGroup;
			children = (
				79E47CC31B88AE110080E2B8 /* SuperBusDriver */,
				79E47CD91B88AE110080E2B8 /* SuperBusDriverTests */,
				79E47CC21B88AE110080E2B8 /* Products */,
				109793A29DA9128F47FE5AE1 /* Pods */,
				82F19FC6F02C0FEF703200AF /* Frameworks */,
			);
			sourceTree = "<group>";
		};
		79E47CC21B88AE110080E2B8 /* Products */ = {
			isa = PBXGroup;
			children = (
				79E47CC11B88AE110080E2B8 /* SuperBusDriver.app */,
				79E47CD61B88AE110080E2B8 /* SuperBusDriverTests.xctest */,
			);
			name = Products;
			sourceTree = "<group>";
		};
		79E47CC31B88AE110080E2B8 /* SuperBusDriver */ = {
			isa = PBXGroup;
			children = (
				79E47CC61B88AE110080E2B8 /* AppDelegate.swift */,
				79E47CCA1B88AE110080E2B8 /* Main.storyboard */,
				79E47CEA1B88B0B60080E2B8 /* DriverShowStopsTableViewController.swift */,
				79E47CCD1B88AE110080E2B8 /* Images.xcassets */,
				79E47CCF1B88AE110080E2B8 /* LaunchScreen.xib */,
				79E47CC41B88AE110080E2B8 /* Supporting Files */,
			);
			path = SuperBusDriver;
			sourceTree = "<group>";
		};
		79E47CC41B88AE110080E2B8 /* Supporting Files */ = {
			isa = PBXGroup;
			children = (
				79E47CC51B88AE110080E2B8 /* Info.plist */,
			);
			name = "Supporting Files";
			sourceTree = "<group>";
		};
		79E47CD91B88AE110080E2B8 /* SuperBusDriverTests */ = {
			isa = PBXGroup;
			children = (
				79E47CDC1B88AE110080E2B8 /* SuperBusDriverTests.swift */,
				79E47CDA1B88AE110080E2B8 /* Supporting Files */,
			);
			path = SuperBusDriverTests;
			sourceTree = "<group>";
		};
		79E47CDA1B88AE110080E2B8 /* Supporting Files */ = {
			isa = PBXGroup;
			children = (
				79E47CDB1B88AE110080E2B8 /* Info.plist */,
			);
			name = "Supporting Files";
			sourceTree = "<group>";
		};
		82F19FC6F02C0FEF703200AF /* Frameworks */ = {
			isa = PBXGroup;
			children = (
				D47AB1D523460265B49C4B80 /* Pods_SuperBusDriver.framework */,
			);
			name = Frameworks;
			sourceTree = "<group>";
		};
/* End PBXGroup section */

/* Begin PBXNativeTarget section */
		79E47CC01B88AE110080E2B8 /* SuperBusDriver */ = {
			isa = PBXNativeTarget;
			buildConfigurationList = 79E47CE01B88AE110080E2B8 /* Build configuration list for PBXNativeTarget "SuperBusDriver" */;
			buildPhases = (
				9E41E6197669D98DB11253E3 /* Check Pods Manifest.lock */,
				79E47CBD1B88AE110080E2B8 /* Sources */,
				79E47CBE1B88AE110080E2B8 /* Frameworks */,
				79E47CBF1B88AE110080E2B8 /* Resources */,
				954A7F0DDD2ECB76263BBDCC /* Embed Pods Frameworks */,
				58E5A629BBE205DE5A186D9E /* Copy Pods Resources */,
			);
			buildRules = (
			);
			dependencies = (
			);
			name = SuperBusDriver;
			productName = SuperBusDriver;
			productReference = 79E47CC11B88AE110080E2B8 /* SuperBusDriver.app */;
			productType = "com.apple.product-type.application";
		};
		79E47CD51B88AE110080E2B8 /* SuperBusDriverTests */ = {
			isa = PBXNativeTarget;
			buildConfigurationList = 79E47CE31B88AE110080E2B8 /* Build configuration list for PBXNativeTarget "SuperBusDriverTests" */;
			buildPhases = (
				79E47CD21B88AE110080E2B8 /* Sources */,
				79E47CD31B88AE110080E2B8 /* Frameworks */,
				79E47CD41B88AE110080E2B8 /* Resources */,
			);
			buildRules = (
			);
			dependencies = (
				79E47CD81B88AE110080E2B8 /* PBXTargetDependency */,
			);
			name = SuperBusDriverTests;
			productName = SuperBusDriverTests;
			productReference = 79E47CD61B88AE110080E2B8 /* SuperBusDriverTests.xctest */;
			productType = "com.apple.product-type.bundle.unit-test";
		};
/* End PBXNativeTarget section */

/* Begin PBXProject section */
		79E47CB91B88AE110080E2B8 /* Project object */ = {
			isa = PBXProject;
			attributes = {
				LastSwiftUpdateCheck = 0700;
				LastUpgradeCheck = 0640;
				ORGANIZATIONNAME = "Grady Zhuo";
				TargetAttributes = {
					79E47CC01B88AE110080E2B8 = {
						CreatedOnToolsVersion = 6.4;
					};
					79E47CD51B88AE110080E2B8 = {
						CreatedOnToolsVersion = 6.4;
						TestTargetID = 79E47CC01B88AE110080E2B8;
					};
				};
			};
			buildConfigurationList = 79E47CBC1B88AE110080E2B8 /* Build configuration list for PBXProject "SuperBusDriver" */;
			compatibilityVersion = "Xcode 3.2";
			developmentRegion = English;
			hasScannedForEncodings = 0;
			knownRegions = (
				en,
				Base,
			);
			mainGroup = 79E47CB81B88AE110080E2B8;
			productRefGroup = 79E47CC21B88AE110080E2B8 /* Products */;
			projectDirPath = "";
			projectRoot = "";
			targets = (
				79E47CC01B88AE110080E2B8 /* SuperBusDriver */,
				79E47CD51B88AE110080E2B8 /* SuperBusDriverTests */,
			);
		};
/* End PBXProject section */

/* Begin PBXResourcesBuildPhase section */
		79E47CBF1B88AE110080E2B8 /* Resources */ = {
			isa = PBXResourcesBuildPhase;
			buildActionMask = 2147483647;
			files = (
				79E47CCC1B88AE110080E2B8 /* Main.storyboard in Resources */,
				79E47CD11B88AE110080E2B8 /* LaunchScreen.xib in Resources */,
				79E47CCE1B88AE110080E2B8 /* Images.xcassets in Resources */,
			);
			runOnlyForDeploymentPostprocessing = 0;
		};
		79E47CD41B88AE110080E2B8 /* Resources */ = {
			isa = PBXResourcesBuildPhase;
			buildActionMask = 2147483647;
			files = (
			);
			runOnlyForDeploymentPostprocessing = 0;
		};
/* End PBXResourcesBuildPhase section */

/* Begin PBXShellScriptBuildPhase section */
		58E5A629BBE205DE5A186D9E /* Copy Pods Resources */ = {
			isa = PBXShellScriptBuildPhase;
			buildActionMask = 2147483647;
			files = (
			);
			inputPaths = (
			);
			name = "Copy Pods Resources";
			outputPaths = (
			);
			runOnlyForDeploymentPostprocessing = 0;
			shellPath = /bin/sh;
			shellScript = "\"${SRCROOT}/Pods/Target Support Files/Pods-SuperBusDriver/Pods-SuperBusDriver-resources.sh\"\n";
			showEnvVarsInLog = 0;
		};
		954A7F0DDD2ECB76263BBDCC /* Embed Pods Frameworks */ = {
			isa = PBXShellScriptBuildPhase;
			buildActionMask = 2147483647;
			files = (
			);
			inputPaths = (
			);
			name = "Embed Pods Frameworks";
			outputPaths = (
			);
			runOnlyForDeploymentPostprocessing = 0;
			shellPath = /bin/sh;
			shellScript = "\"${SRCROOT}/Pods/Target Support Files/Pods-SuperBusDriver/Pods-SuperBusDriver-frameworks.sh\"\n";
			showEnvVarsInLog = 0;
		};
		9E41E6197669D98DB11253E3 /* Check Pods Manifest.lock */ = {
			isa = PBXShellScriptBuildPhase;
			buildActionMask = 2147483647;
			files = (
			);
			inputPaths = (
			);
			name = "Check Pods Manifest.lock";
			outputPaths = (
			);
			runOnlyForDeploymentPostprocessing = 0;
			shellPath = /bin/sh;
			shellScript = "diff \"${PODS_ROOT}/../Podfile.lock\" \"${PODS_ROOT}/Manifest.lock\" > /dev/null\nif [[ $? != 0 ]] ; then\n    cat << EOM\nerror: The sandbox is not in sync with the Podfile.lock. Run 'pod install' or update your CocoaPods installation.\nEOM\n    exit 1\nfi\n";
			showEnvVarsInLog = 0;
		};
/* End PBXShellScriptBuildPhase section */

/* Begin PBXSourcesBuildPhase section */
		79E47CBD1B88AE110080E2B8 /* Sources */ = {
			isa = PBXSourcesBuildPhase;
			buildActionMask = 2147483647;
			files = (
				79E47CEB1B88B0B60080E2B8 /* DriverShowStopsTableViewController.swift in Sources */,
				79E47CC71B88AE110080E2B8 /* AppDelegate.swift in Sources */,
			);
			runOnlyForDeploymentPostprocessing = 0;
		};
		79E47CD21B88AE110080E2B8 /* Sources */ = {
			isa = PBXSourcesBuildPhase;
			buildActionMask = 2147483647;
			files = (
				79E47CDD1B88AE110080E2B8 /* SuperBusDriverTests.swift in Sources */,
			);
			runOnlyForDeploymentPostprocessing = 0;
		};
/* End PBXSourcesBuildPhase section */

/* Begin PBXTargetDependency section */
		79E47CD81B88AE110080E2B8 /* PBXTargetDependency */ = {
			isa = PBXTargetDependency;
			target = 79E47CC01B88AE110080E2B8 /* SuperBusDriver */;
			targetProxy = 79E47CD71B88AE110080E2B8 /* PBXContainerItemProxy */;
		};
/* End PBXTargetDependency section */

/* Begin PBXVariantGroup section */
		79E47CCA1B88AE110080E2B8 /* Main.storyboard */ = {
			isa = PBXVariantGroup;
			children = (
				79E47CCB1B88AE110080E2B8 /* Base */,
			);
			name = Main.storyboard;
			sourceTree = "<group>";
		};
		79E47CCF1B88AE110080E2B8 /* LaunchScreen.xib */ = {
			isa = PBXVariantGroup;
			children = (
				79E47CD01B88AE110080E2B8 /* Base */,
			);
			name = LaunchScreen.xib;
			sourceTree = "<group>";
		};
/* End PBXVariantGroup section */

/* Begin XCBuildConfiguration section */
		79E47CDE1B88AE110080E2B8 /* Debug */ = {
			isa = XCBuildConfiguration;
			buildSettings = {
				ALWAYS_SEARCH_USER_PATHS = NO;
				CLANG_CXX_LANGUAGE_STANDARD = "gnu++0x";
				CLANG_CXX_LIBRARY = "libc++";
				CLANG_ENABLE_MODULES = YES;
				CLANG_ENABLE_OBJC_ARC = YES;
				CLANG_WARN_BOOL_CONVERSION = YES;
				CLANG_WARN_CONSTANT_CONVERSION = YES;
				CLANG_WARN_DIRECT_OBJC_ISA_USAGE = YES_ERROR;
				CLANG_WARN_EMPTY_BODY = YES;
				CLANG_WARN_ENUM_CONVERSION = YES;
				CLANG_WARN_INT_CONVERSION = YES;
				CLANG_WARN_OBJC_ROOT_CLASS = YES_ERROR;
				CLANG_WARN_UNREACHABLE_CODE = YES;
				CLANG_WARN__DUPLICATE_METHOD_MATCH = YES;
				"CODE_SIGN_IDENTITY[sdk=iphoneos*]" = "iPhone Developer";
				COPY_PHASE_STRIP = NO;
				DEBUG_INFORMATION_FORMAT = "dwarf-with-dsym";
				ENABLE_STRICT_OBJC_MSGSEND = YES;
				GCC_C_LANGUAGE_STANDARD = gnu99;
				GCC_DYNAMIC_NO_PIC = NO;
				GCC_NO_COMMON_BLOCKS = YES;
				GCC_OPTIMIZATION_LEVEL = 0;
				GCC_PREPROCESSOR_DEFINITIONS = (
					"DEBUG=1",
					"$(inherited)",
				);
				GCC_SYMBOLS_PRIVATE_EXTERN = NO;
				GCC_WARN_64_TO_32_BIT_CONVERSION = YES;
				GCC_WARN_ABOUT_RETURN_TYPE = YES_ERROR;
				GCC_WARN_UNDECLARED_SELECTOR = YES;
				GCC_WARN_UNINITIALIZED_AUTOS = YES_AGGRESSIVE;
				GCC_WARN_UNUSED_FUNCTION = YES;
				GCC_WARN_UNUSED_VARIABLE = YES;
				IPHONEOS_DEPLOYMENT_TARGET = 8.4;
				MTL_ENABLE_DEBUG_INFO = YES;
				ONLY_ACTIVE_ARCH = YES;
				SDKROOT = iphoneos;
				SWIFT_OPTIMIZATION_LEVEL = "-Onone";
				TARGETED_DEVICE_FAMILY = "1,2";
			};
			name = Debug;
		};
		79E47CDF1B88AE110080E2B8 /* Release */ = {
			isa = XCBuildConfiguration;
			buildSettings = {
				ALWAYS_SEARCH_USER_PATHS = NO;
				CLANG_CXX_LANGUAGE_STANDARD = "gnu++0x";
				CLANG_CXX_LIBRARY = "libc++";
				CLANG_ENABLE_MODULES = YES;
				CLANG_ENABLE_OBJC_ARC = YES;
				CLANG_WARN_BOOL_CONVERSION = YES;
				CLANG_WARN_CONSTANT_CONVERSION = YES;
				CLANG_WARN_DIRECT_OBJC_ISA_USAGE = YES_ERROR;
				CLANG_WARN_EMPTY_BODY = YES;
				CLANG_WARN_ENUM_CONVERSION = YES;
				CLANG_WARN_INT_CONVERSION = YES;
				CLANG_WARN_OBJC_ROOT_CLASS = YES_ERROR;
				CLANG_WARN_UNREACHABLE_CODE = YES;
				CLANG_WARN__DUPLICATE_METHOD_MATCH = YES;
				"CODE_SIGN_IDENTITY[sdk=iphoneos*]" = "iPhone Developer";
				COPY_PHASE_STRIP = NO;
				DEBUG_INFORMATION_FORMAT = "dwarf-with-dsym";
				ENABLE_NS_ASSERTIONS = NO;
				ENABLE_STRICT_OBJC_MSGSEND = YES;
				GCC_C_LANGUAGE_STANDARD = gnu99;
				GCC_NO_COMMON_BLOCKS = YES;
				GCC_WARN_64_TO_32_BIT_CONVERSION = YES;
				GCC_WARN_ABOUT_RETURN_TYPE = YES_ERROR;
				GCC_WARN_UNDECLARED_SELECTOR = YES;
				GCC_WARN_UNINITIALIZED_AUTOS = YES_AGGRESSIVE;
				GCC_WARN_UNUSED_FUNCTION = YES;
				GCC_WARN_UNUSED_VARIABLE = YES;
				IPHONEOS_DEPLOYMENT_TARGET = 8.4;
				MTL_ENABLE_DEBUG_INFO = NO;
				SDKROOT = iphoneos;
				TARGETED_DEVICE_FAMILY = "1,2";
				VALIDATE_PRODUCT = YES;
			};
			name = Release;
		};
		79E47CE11B88AE110080E2B8 /* Debug */ = {
			isa = XCBuildConfiguration;
			baseConfigurationReference = 9577D99CDF2C9795D3A59E20 /* Pods-SuperBusDriver.debug.xcconfig */;
			buildSettings = {
				ASSETCATALOG_COMPILER_APPICON_NAME = AppIcon;
				INFOPLIST_FILE = SuperBusDriver/Info.plist;
				IPHONEOS_DEPLOYMENT_TARGET = 8.2;
				LD_RUNPATH_SEARCH_PATHS = "$(inherited) @executable_path/Frameworks";
				PRODUCT_NAME = "$(TARGET_NAME)";
			};
			name = Debug;
		};
		79E47CE21B88AE110080E2B8 /* Release */ = {
			isa = XCBuildConfiguration;
			baseConfigurationReference = 2D116B745EC51A9D37171C6C /* Pods-SuperBusDriver.release.xcconfig */;
			buildSettings = {
				ASSETCATALOG_COMPILER_APPICON_NAME = AppIcon;
				INFOPLIST_FILE = SuperBusDriver/Info.plist;
				IPHONEOS_DEPLOYMENT_TARGET = 8.2;
				LD_RUNPATH_SEARCH_PATHS = "$(inherited) @executable_path/Frameworks";
				PRODUCT_NAME = "$(TARGET_NAME)";
			};
			name = Release;
		};
		79E47CE41B88AE110080E2B8 /* Debug */ = {
			isa = XCBuildConfiguration;
			buildSettings = {
				BUNDLE_LOADER = "$(TEST_HOST)";
				FRAMEWORK_SEARCH_PATHS = (
					"$(SDKROOT)/Developer/Library/Frameworks",
					"$(inherited)",
				);
				GCC_PREPROCESSOR_DEFINITIONS = (
					"DEBUG=1",
					"$(inherited)",
				);
				INFOPLIST_FILE = SuperBusDriverTests/Info.plist;
				LD_RUNPATH_SEARCH_PATHS = "$(inherited) @executable_path/Frameworks @loader_path/Frameworks";
				PRODUCT_NAME = "$(TARGET_NAME)";
				TEST_HOST = "$(BUILT_PRODUCTS_DIR)/SuperBusDriver.app/SuperBusDriver";
			};
			name = Debug;
		};
		79E47CE51B88AE110080E2B8 /* Release */ = {
			isa = XCBuildConfiguration;
			buildSettings = {
				BUNDLE_LOADER = "$(TEST_HOST)";
				FRAMEWORK_SEARCH_PATHS = (
					"$(SDKROOT)/Developer/Library/Frameworks",
					"$(inherited)",
				);
				INFOPLIST_FILE = SuperBusDriverTests/Info.plist;
				LD_RUNPATH_SEARCH_PATHS = "$(inherited) @executable_path/Frameworks @loader_path/Frameworks";
				PRODUCT_NAME = "$(TARGET_NAME)";
				TEST_HOST = "$(BUILT_PRODUCTS_DIR)/SuperBusDriver.app/SuperBusDriver";
			};
			name = Release;
		};
/* End XCBuildConfiguration section */

/* Begin XCConfigurationList section */
		79E47CBC1B88AE110080E2B8 /* Build configuration list for PBXProject "SuperBusDriver" */ = {
			isa = XCConfigurationList;
			buildConfigurations = (
				79E47CDE1B88AE110080E2B8 /* Debug */,
				79E47CDF1B88AE110080E2B8 /* Release */,
			);
			defaultConfigurationIsVisible = 0;
			defaultConfigurationName = Release;
		};
		79E47CE01B88AE110080E2B8 /* Build configuration list for PBXNativeTarget "SuperBusDriver" */ = {
			isa = XCConfigurationList;
			buildConfigurations = (
				79E47CE11B88AE110080E2B8 /* Debug */,
				79E47CE21B88AE110080E2B8 /* Release */,
			);
			defaultConfigurationIsVisible = 0;
			defaultConfigurationName = Release;
		};
		79E47CE31B88AE110080E2B8 /* Build configuration list for PBXNativeTarget "SuperBusDriverTests" */ = {
			isa = XCConfigurationList;
			buildConfigurations = (
				79E47CE41B88AE110080E2B8 /* Debug */,
				79E47CE51B88AE110080E2B8 /* Release */,
			);
			defaultConfigurationIsVisible = 0;
			defaultConfigurationName = Release;
		};
/* End XCConfigurationList section */
	};
	rootObject = 79E47CB91B88AE110080E2B8 /* Project object */;
}
